
Microsoft Visual Studio Solution File, Format Version 12.00
# Visual Studio Version 17
VisualStudioVersion = 17.0.32112.339
MinimumVisualStudioVersion = 10.0.40219.1
Project("{9A19103F-16F7-4668-BE54-9A1E7A4F7556}") = "elevatorservice", "elevatorservice.csproj", "{838C6398-7EEB-43E0-9FAA-2F9A69D0AFE9}"
EndProject
Global
	GlobalSection(SolutionConfigurationPlatforms) = preSolution
		Debug|Any CPU = Debug|Any CPU
		Release|Any CPU = Release|Any CPU
	EndGlobalSection
	GlobalSection(ProjectConfigurationPlatforms) = postSolution
		{838C6398-7EEB-43E0-9FAA-2F9A69D0AFE9}.Debug|Any CPU.ActiveCfg = Debug|Any CPU
		{838C6398-7EEB-43E0-9FAA-2F9A69D0AFE9}.Debug|Any CPU.Build.0 = Debug|Any CPU
		{838C6398-7EEB-43E0-9FAA-2F9A69D0AFE9}.Release|Any CPU.ActiveCfg = Release|Any CPU
		{838C6398-7EEB-43E0-9FAA-2F9A69D0AFE9}.Release|Any CPU.Build.0 = Release|Any CPU
	EndGlobalSection
	GlobalSection(SolutionProperties) = preSolution
		HideSolutionNode = FALSE
	EndGlobalSection
	GlobalSection(ExtensibilityGlobals) = postSolution
		SolutionGuid = {1C9837D2-18E1-4F44-B83E-5963D8770807}
	EndGlobalSection
EndGlobal
